
Microsoft Visual Studio Solution File, Format Version 12.00
# Visual Studio Version 17
VisualStudioVersion = 17.11.35222.181
MinimumVisualStudioVersion = 10.0.40219.1
Project("{9A19103F-16F7-4668-BE54-9A1E7A4F7556}") = "Ecommerce-Project", "Ecommerce-Project.csproj", "{4D856DAE-7A93-4857-B39B-3C25894140E6}"
EndProject
Project("{FAE04EC0-301F-11D3-BF4B-00C04F79EFBC}") = "UnitTest", "..\UnitTest\UnitTest.csproj", "{E48B890D-BAD9-4094-AD17-45C808884282}"
EndProject
Global
	GlobalSection(SolutionConfigurationPlatforms) = preSolution
		Debug|Any CPU = Debug|Any CPU
		Release|Any CPU = Release|Any CPU
	EndGlobalSection
	GlobalSection(ProjectConfigurationPlatforms) = postSolution
		{4D856DAE-7A93-4857-B39B-3C25894140E6}.Debug|Any CPU.ActiveCfg = Debug|Any CPU
		{4D856DAE-7A93-4857-B39B-3C25894140E6}.Debug|Any CPU.Build.0 = Debug|Any CPU
		{4D856DAE-7A93-4857-B39B-3C25894140E6}.Release|Any CPU.ActiveCfg = Release|Any CPU
		{4D856DAE-7A93-4857-B39B-3C25894140E6}.Release|Any CPU.Build.0 = Release|Any CPU
		{E48B890D-BAD9-4094-AD17-45C808884282}.Debug|Any CPU.ActiveCfg = Debug|Any CPU
		{E48B890D-BAD9-4094-AD17-45C808884282}.Debug|Any CPU.Build.0 = Debug|Any CPU
		{E48B890D-BAD9-4094-AD17-45C808884282}.Release|Any CPU.ActiveCfg = Release|Any CPU
		{E48B890D-BAD9-4094-AD17-45C808884282}.Release|Any CPU.Build.0 = Release|Any CPU
	EndGlobalSection
	GlobalSection(SolutionProperties) = preSolution
		HideSolutionNode = FALSE
	EndGlobalSection
	GlobalSection(ExtensibilityGlobals) = postSolution
		SolutionGuid = {17BD1F51-B401-4A24-A075-037096AA8544}
	EndGlobalSection
EndGlobal
